{
  "version": 4,
  "terraform_version": "1.5.7",
  "serial": 14,
  "lineage": "e0b73509-f873-f4f7-124d-8bdd89b1ff0a",
  "outputs": {
    "gke_cluster_ca_certificate": {
      "value": "LS0tLS1CRUdJTiBDRVJUSUZJQ0FURS0tLS0tCk1JSUVMRENDQXBTZ0F3SUJBZ0lRTnlOMTd0ZWM4VGdkODlETDBzK3d2VEFOQmdrcWhraUc5dzBCQVFzRkFEQXYKTVMwd0t3WURWUVFERXlReVpERTFNakJpTlMwM1pHUTFMVFJpTWpjdFlXRmhOQzB5WXpsbU5UVTRaakJrWmpBdwpJQmNOTWpRd056QTVNakl6TmpNNFdoZ1BNakExTkRBM01ESXlNek0yTXpoYU1DOHhMVEFyQmdOVkJBTVRKREprCk1UVXlNR0kxTFRka1pEVXROR0l5TnkxaFlXRTBMVEpqT1dZMU5UaG1NR1JtTURDQ0FhSXdEUVlKS29aSWh2Y04KQVFFQkJRQURnZ0dQQURDQ0FZb0NnZ0dCQU1JMDZxZVBIbnlhY0tqeHFEK2xhMzhKdnNQN2tmekVKS3Z2UFFPUwpxZXZrZGdyV3NaV0xKZWI5bURUVm9KeVlWMXNkUXNmaktvQ05mWU1zQWx3NFpwU2ViWmpBY1VPSVZ4d3FnTnBrClk0MFNvS3ZSQ1V1L1VMa2lUaFJlcEVUdytSYjVYZGsvcFhsZFduNWticElFMnUzNHdjMFZETU1jZ1poK3BybHUKaVMwbGdTRU9WZ2RvdUx6MlNJcWcyQVRMemFPZjdhakJKeWtFSmlOMGZuUTU0c2Jqa3hnNEZvdlpCQ1BoQjVzRgp2UGJ3Y2paWEdiQ0JDWXFCNVBOVk9aMEpqWXVHMnRZSVRLaDNZL1VnN0M3eDl2b2E3MVN0VFdSczUrbjhRbDNqCnVyMzNyUVZrY2w0djBaUzJtZ3FvbjJmM0JJNGtjTklRb3A4aVdKR2dTWVNiLzZkME8yZzl0WGtLZjZqMjdSTnEKM0QvaGVhTFNabURnMW1qUjZNSXFPeHZQQXJhNGR5ZXBSVDlnd0ZLNFJtVDEwRklKZDJsSUZsT2JTd015cjRFaApZNkt5WXJka01Wd09IUmNlMnJScHZLNndsR3FQY3NqdVp6NTRWSjd2VEE1TWtSL3FNazJaZFZxbDcwa3Z1WVN0CjUvcHlYZEZidC9VYlROTHNjM25XRVNaUjR3SURBUUFCbzBJd1FEQU9CZ05WSFE4QkFmOEVCQU1DQWdRd0R3WUQKVlIwVEFRSC9CQVV3QXdFQi96QWRCZ05WSFE0RUZnUVVRVFFaNlhiNUdZRjAzZUhYVHk1dGcwRTlrWWd3RFFZSgpLb1pJaHZjTkFRRUxCUUFEZ2dHQkFIMnd3ejNHUUt6VnBTai9sQy9iRmpMSlJBamNycCtFK1RmQm4zaFNlRVdZCkVZSDBFT1FtQXpqeE83S1RZbmR2Y0ZRaEcxMVhpWkVEeDdkeEh6czlSaVN3djRucjk4RmN1cWZIQ2dzQVhHZWYKTm9tajdmZ21aN3VBeW5sKzN0NnIwekZiVWZBZkJzNjVYdWZINTQzV0tFbnN1Um5zcllkdlhEZi90RVFHUFBDawppZ2VxQTR5M2E1QzdRR1p5ajQ1bFlEK0ZpMEhwU0lHUXlwUmQ0Nnp0K3hkR0NNSEV2bElTVitJaFl0UDdyUzZyCjNaNlBPV1ZVVlB5OWs1ZWhDdHMvQ0pZT0ZpVkRMak4yRDFrd1c0WnAzd25nZEpsZFNZQitoZU9vdU91RzNPMjIKR2paNDJCRktXaW1LNlEvN0RvRkFYMkxoaEthMStNMXZiOXVRNFN5NzhjdTlYbm5YK244R0JDMnR1NGF3Mk91WAoyTWt2R2FIMlk0b3ZRM0R6c1dYc1YvendwZGtxb3g0c1hvcjJDbzJuZU9kZ0kwejIxeXFHOVBKOStvc0RLb05oClVpelFBNEhSQnBqWjdZN2Npc2ZxRUhkV2tBU2hvN0NZbkhZWExqc0hLaWN4d21GYUtJWWVGZlJxTVZyck9lY2EKY2MvZjRiVHhzblNqVUR2SmRqaHFxUT09Ci0tLS0tRU5EIENFUlRJRklDQVRFLS0tLS0K",
      "type": "string"
    },
    "gke_cluster_endpoint": {
      "value": "34.45.179.174",
      "type": "string"
    },
    "gke_cluster_name": {
      "value": "primary-cluster",
      "type": "string"
    },
    "kubernetes_cluster_name": {
      "value": "primary-cluster",
      "type": "string"
    },
    "region": {
      "value": "us-central1",
      "type": "string"
    }
  },
  "resources": [
    {
      "mode": "data",
      "type": "google_client_config",
      "name": "default",
      "provider": "provider[\"registry.terraform.io/hashicorp/google\"]",
      "instances": [
        {
          "schema_version": 0,
          "attributes": {
            "access_token": "ya29.a0AXooCgvfqc34cDAkY2-zXeim_Tys1xeFnqJ08e_Wps1soxMwj353BXeReKNBobrNwYUb7UD15d3H_Y6nsiRHGph-oxEUx0fmQfujgWZQnV4tLk0aRgj-R8Pt-mGCF_Zy3UtfBzLPhYt9-fjGiKFl7IEN25xpcM1sP236wFkQBXLf3w0jb4xmMiRfvzFdATt1cm_qGVXBoGkUviunyg27KaPWS05UNvxQkrysl7asFkPYAQYMe99LvUqQHyLexoaLtEnVYP2sVybiFM5MT2ZN7vJ5Vy6r0NyEEiRi9Q5dVZHgWEigpFXHVux-Z-PAlPHZL9OraQEAwE5eFCyNHkOU_iOYz5G5t6X4JNYCGWFZGMQ_-zxePA2r350j7IIvLEPzKK1SVJtJK9psonS7HFioXhYbhwy4_laivgaCgYKAfkSARMSFQHGX2MiPUyqjTnYnlrmnpWpjJUacw0425",
            "id": "projects/\"cloudone-123\"/regions/\"us-central1\"/zones/\"us-central1-a\"",
            "project": "cloudone-123",
            "region": "us-central1",
            "zone": "us-central1-a"
          },
          "sensitive_attributes": []
        }
      ]
    },
    {
      "mode": "managed",
      "type": "google_container_cluster",
      "name": "primary",
      "provider": "provider[\"registry.terraform.io/hashicorp/google\"]",
      "instances": [
        {
          "schema_version": 2,
          "attributes": {
            "addons_config": [
              {
                "cloudrun_config": [],
                "config_connector_config": [],
                "dns_cache_config": [],
                "gce_persistent_disk_csi_driver_config": [
                  {
                    "enabled": true
                  }
                ],
                "gcp_filestore_csi_driver_config": [],
                "gcs_fuse_csi_driver_config": [],
                "gke_backup_agent_config": [],
                "horizontal_pod_autoscaling": [],
                "http_load_balancing": [],
                "network_policy_config": [
                  {
                    "disabled": true
                  }
                ],
                "stateful_ha_config": []
              }
            ],
            "allow_net_admin": null,
            "authenticator_groups_config": [],
            "binary_authorization": [
              {
                "enabled": false,
                "evaluation_mode": ""
              }
            ],
            "cluster_autoscaling": [
              {
                "auto_provisioning_defaults": [],
                "autoscaling_profile": "BALANCED",
                "enabled": false,
                "resource_limits": []
              }
            ],
            "cluster_ipv4_cidr": "10.44.0.0/14",
            "confidential_nodes": [],
            "cost_management_config": [],
            "database_encryption": [
              {
                "key_name": "",
                "state": "DECRYPTED"
              }
            ],
            "datapath_provider": "",
            "default_max_pods_per_node": 110,
            "default_snat_status": [
              {
                "disabled": false
              }
            ],
            "deletion_protection": false,
            "description": "",
            "dns_config": [],
            "enable_autopilot": false,
            "enable_cilium_clusterwide_network_policy": false,
            "enable_intranode_visibility": false,
            "enable_k8s_beta_apis": [],
            "enable_kubernetes_alpha": false,
            "enable_l4_ilb_subsetting": false,
            "enable_legacy_abac": false,
            "enable_shielded_nodes": true,
            "enable_tpu": false,
            "endpoint": "34.45.179.174",
            "fleet": [],
            "gateway_api_config": [],
            "id": "projects/cloudone-123/locations/us-central1/clusters/primary-cluster",
            "identity_service_config": [],
            "initial_node_count": 1,
            "ip_allocation_policy": [
              {
                "additional_pod_ranges_config": [],
                "cluster_ipv4_cidr_block": "10.44.0.0/14",
                "cluster_secondary_range_name": "gke-primary-cluster-pods-8e16c5d5",
                "pod_cidr_overprovision_config": [
                  {
                    "disabled": false
                  }
                ],
                "services_ipv4_cidr_block": "34.118.224.0/20",
                "services_secondary_range_name": "",
                "stack_type": "IPV4"
              }
            ],
            "label_fingerprint": "a9dc16a7",
            "location": "us-central1",
            "logging_config": [
              {
                "enable_components": [
                  "SYSTEM_COMPONENTS",
                  "WORKLOADS"
                ]
              }
            ],
            "logging_service": "logging.googleapis.com/kubernetes",
            "maintenance_policy": [],
            "master_auth": [
              {
                "client_certificate": "",
                "client_certificate_config": [
                  {
                    "issue_client_certificate": false
                  }
                ],
                "client_key": "",
                "cluster_ca_certificate": "LS0tLS1CRUdJTiBDRVJUSUZJQ0FURS0tLS0tCk1JSUVMRENDQXBTZ0F3SUJBZ0lRTnlOMTd0ZWM4VGdkODlETDBzK3d2VEFOQmdrcWhraUc5dzBCQVFzRkFEQXYKTVMwd0t3WURWUVFERXlReVpERTFNakJpTlMwM1pHUTFMVFJpTWpjdFlXRmhOQzB5WXpsbU5UVTRaakJrWmpBdwpJQmNOTWpRd056QTVNakl6TmpNNFdoZ1BNakExTkRBM01ESXlNek0yTXpoYU1DOHhMVEFyQmdOVkJBTVRKREprCk1UVXlNR0kxTFRka1pEVXROR0l5TnkxaFlXRTBMVEpqT1dZMU5UaG1NR1JtTURDQ0FhSXdEUVlKS29aSWh2Y04KQVFFQkJRQURnZ0dQQURDQ0FZb0NnZ0dCQU1JMDZxZVBIbnlhY0tqeHFEK2xhMzhKdnNQN2tmekVKS3Z2UFFPUwpxZXZrZGdyV3NaV0xKZWI5bURUVm9KeVlWMXNkUXNmaktvQ05mWU1zQWx3NFpwU2ViWmpBY1VPSVZ4d3FnTnBrClk0MFNvS3ZSQ1V1L1VMa2lUaFJlcEVUdytSYjVYZGsvcFhsZFduNWticElFMnUzNHdjMFZETU1jZ1poK3BybHUKaVMwbGdTRU9WZ2RvdUx6MlNJcWcyQVRMemFPZjdhakJKeWtFSmlOMGZuUTU0c2Jqa3hnNEZvdlpCQ1BoQjVzRgp2UGJ3Y2paWEdiQ0JDWXFCNVBOVk9aMEpqWXVHMnRZSVRLaDNZL1VnN0M3eDl2b2E3MVN0VFdSczUrbjhRbDNqCnVyMzNyUVZrY2w0djBaUzJtZ3FvbjJmM0JJNGtjTklRb3A4aVdKR2dTWVNiLzZkME8yZzl0WGtLZjZqMjdSTnEKM0QvaGVhTFNabURnMW1qUjZNSXFPeHZQQXJhNGR5ZXBSVDlnd0ZLNFJtVDEwRklKZDJsSUZsT2JTd015cjRFaApZNkt5WXJka01Wd09IUmNlMnJScHZLNndsR3FQY3NqdVp6NTRWSjd2VEE1TWtSL3FNazJaZFZxbDcwa3Z1WVN0CjUvcHlYZEZidC9VYlROTHNjM25XRVNaUjR3SURBUUFCbzBJd1FEQU9CZ05WSFE4QkFmOEVCQU1DQWdRd0R3WUQKVlIwVEFRSC9CQVV3QXdFQi96QWRCZ05WSFE0RUZnUVVRVFFaNlhiNUdZRjAzZUhYVHk1dGcwRTlrWWd3RFFZSgpLb1pJaHZjTkFRRUxCUUFEZ2dHQkFIMnd3ejNHUUt6VnBTai9sQy9iRmpMSlJBamNycCtFK1RmQm4zaFNlRVdZCkVZSDBFT1FtQXpqeE83S1RZbmR2Y0ZRaEcxMVhpWkVEeDdkeEh6czlSaVN3djRucjk4RmN1cWZIQ2dzQVhHZWYKTm9tajdmZ21aN3VBeW5sKzN0NnIwekZiVWZBZkJzNjVYdWZINTQzV0tFbnN1Um5zcllkdlhEZi90RVFHUFBDawppZ2VxQTR5M2E1QzdRR1p5ajQ1bFlEK0ZpMEhwU0lHUXlwUmQ0Nnp0K3hkR0NNSEV2bElTVitJaFl0UDdyUzZyCjNaNlBPV1ZVVlB5OWs1ZWhDdHMvQ0pZT0ZpVkRMak4yRDFrd1c0WnAzd25nZEpsZFNZQitoZU9vdU91RzNPMjIKR2paNDJCRktXaW1LNlEvN0RvRkFYMkxoaEthMStNMXZiOXVRNFN5NzhjdTlYbm5YK244R0JDMnR1NGF3Mk91WAoyTWt2R2FIMlk0b3ZRM0R6c1dYc1YvendwZGtxb3g0c1hvcjJDbzJuZU9kZ0kwejIxeXFHOVBKOStvc0RLb05oClVpelFBNEhSQnBqWjdZN2Npc2ZxRUhkV2tBU2hvN0NZbkhZWExqc0hLaWN4d21GYUtJWWVGZlJxTVZyck9lY2EKY2MvZjRiVHhzblNqVUR2SmRqaHFxUT09Ci0tLS0tRU5EIENFUlRJRklDQVRFLS0tLS0K"
              }
            ],
            "master_authorized_networks_config": [],
            "master_version": "1.29.4-gke.1043004",
            "mesh_certificates": [],
            "min_master_version": null,
            "monitoring_config": [
              {
                "advanced_datapath_observability_config": [
                  {
                    "enable_metrics": false,
                    "enable_relay": false,
                    "relay_mode": "DISABLED"
                  }
                ],
                "enable_components": [
                  "SYSTEM_COMPONENTS"
                ],
                "managed_prometheus": [
                  {
                    "enabled": true
                  }
                ]
              }
            ],
            "monitoring_service": "monitoring.googleapis.com/kubernetes",
            "name": "primary-cluster",
            "network": "projects/cloudone-123/global/networks/default",
            "network_policy": [
              {
                "enabled": false,
                "provider": "PROVIDER_UNSPECIFIED"
              }
            ],
            "networking_mode": "VPC_NATIVE",
            "node_config": [
              {
                "advanced_machine_features": [],
                "boot_disk_kms_key": "",
                "confidential_nodes": [],
                "containerd_config": [],
                "disk_size_gb": 100,
                "disk_type": "pd-balanced",
                "effective_taints": [],
                "enable_confidential_storage": false,
                "ephemeral_storage_local_ssd_config": [],
                "fast_socket": [],
                "gcfs_config": [],
                "guest_accelerator": [],
                "gvnic": [],
                "host_maintenance_policy": [],
                "image_type": "COS_CONTAINERD",
                "kubelet_config": [],
                "labels": {},
                "linux_node_config": [],
                "local_nvme_ssd_block_config": [],
                "local_ssd_count": 0,
                "logging_variant": "DEFAULT",
                "machine_type": "e2-medium",
                "metadata": {
                  "disable-legacy-endpoints": "true"
                },
                "min_cpu_platform": "",
                "node_group": "",
                "oauth_scopes": [
                  "https://www.googleapis.com/auth/devstorage.read_only",
                  "https://www.googleapis.com/auth/logging.write",
                  "https://www.googleapis.com/auth/monitoring",
                  "https://www.googleapis.com/auth/service.management.readonly",
                  "https://www.googleapis.com/auth/servicecontrol",
                  "https://www.googleapis.com/auth/trace.append"
                ],
                "preemptible": false,
                "reservation_affinity": [],
                "resource_labels": {},
                "resource_manager_tags": {},
                "secondary_boot_disks": [],
                "service_account": "default",
                "shielded_instance_config": [
                  {
                    "enable_integrity_monitoring": true,
                    "enable_secure_boot": false
                  }
                ],
                "sole_tenant_config": [],
                "spot": false,
                "tags": [],
                "taint": [],
                "workload_metadata_config": []
              }
            ],
            "node_locations": [
              "us-central1-b",
              "us-central1-c",
              "us-central1-f"
            ],
            "node_pool": [
              {
                "autoscaling": [],
                "initial_node_count": 1,
                "instance_group_urls": [
                  "https://www.googleapis.com/compute/v1/projects/cloudone-123/zones/us-central1-b/instanceGroupManagers/gke-primary-cluster-default-pool-34b39375-grp",
                  "https://www.googleapis.com/compute/v1/projects/cloudone-123/zones/us-central1-c/instanceGroupManagers/gke-primary-cluster-default-pool-0d529d75-grp",
                  "https://www.googleapis.com/compute/v1/projects/cloudone-123/zones/us-central1-f/instanceGroupManagers/gke-primary-cluster-default-pool-a9cd9dec-grp"
                ],
                "managed_instance_group_urls": [
                  "https://www.googleapis.com/compute/v1/projects/cloudone-123/zones/us-central1-b/instanceGroups/gke-primary-cluster-default-pool-34b39375-grp",
                  "https://www.googleapis.com/compute/v1/projects/cloudone-123/zones/us-central1-c/instanceGroups/gke-primary-cluster-default-pool-0d529d75-grp",
                  "https://www.googleapis.com/compute/v1/projects/cloudone-123/zones/us-central1-f/instanceGroups/gke-primary-cluster-default-pool-a9cd9dec-grp"
                ],
                "management": [
                  {
                    "auto_repair": true,
                    "auto_upgrade": true
                  }
                ],
                "max_pods_per_node": 110,
                "name": "default-pool",
                "name_prefix": "",
                "network_config": [
                  {
                    "create_pod_range": false,
                    "enable_private_nodes": false,
                    "network_performance_config": [],
                    "pod_cidr_overprovision_config": [],
                    "pod_ipv4_cidr_block": "10.44.0.0/14",
                    "pod_range": "gke-primary-cluster-pods-8e16c5d5"
                  }
                ],
                "node_config": [
                  {
                    "advanced_machine_features": [],
                    "boot_disk_kms_key": "",
                    "confidential_nodes": [],
                    "containerd_config": [],
                    "disk_size_gb": 100,
                    "disk_type": "pd-balanced",
                    "effective_taints": [],
                    "enable_confidential_storage": false,
                    "ephemeral_storage_local_ssd_config": [],
                    "fast_socket": [],
                    "gcfs_config": [],
                    "guest_accelerator": [],
                    "gvnic": [],
                    "host_maintenance_policy": [],
                    "image_type": "COS_CONTAINERD",
                    "kubelet_config": [],
                    "labels": {},
                    "linux_node_config": [],
                    "local_nvme_ssd_block_config": [],
                    "local_ssd_count": 0,
                    "logging_variant": "DEFAULT",
                    "machine_type": "e2-medium",
                    "metadata": {
                      "disable-legacy-endpoints": "true"
                    },
                    "min_cpu_platform": "",
                    "node_group": "",
                    "oauth_scopes": [
                      "https://www.googleapis.com/auth/devstorage.read_only",
                      "https://www.googleapis.com/auth/logging.write",
                      "https://www.googleapis.com/auth/monitoring",
                      "https://www.googleapis.com/auth/service.management.readonly",
                      "https://www.googleapis.com/auth/servicecontrol",
                      "https://www.googleapis.com/auth/trace.append"
                    ],
                    "preemptible": false,
                    "reservation_affinity": [],
                    "resource_labels": {},
                    "resource_manager_tags": {},
                    "secondary_boot_disks": [],
                    "service_account": "default",
                    "shielded_instance_config": [
                      {
                        "enable_integrity_monitoring": true,
                        "enable_secure_boot": false
                      }
                    ],
                    "sole_tenant_config": [],
                    "spot": false,
                    "tags": [],
                    "taint": [],
                    "workload_metadata_config": []
                  }
                ],
                "node_count": 1,
                "node_locations": [
                  "us-central1-b",
                  "us-central1-c",
                  "us-central1-f"
                ],
                "placement_policy": [],
                "queued_provisioning": [],
                "upgrade_settings": [
                  {
                    "blue_green_settings": [],
                    "max_surge": 1,
                    "max_unavailable": 0,
                    "strategy": "SURGE"
                  }
                ],
                "version": "1.29.4-gke.1043004"
              }
            ],
            "node_pool_auto_config": [],
            "node_pool_defaults": [
              {
                "node_config_defaults": [
                  {
                    "containerd_config": [],
                    "logging_variant": "DEFAULT"
                  }
                ]
              }
            ],
            "node_version": "1.29.4-gke.1043004",
            "notification_config": [
              {
                "pubsub": [
                  {
                    "enabled": false,
                    "filter": [],
                    "topic": ""
                  }
                ]
              }
            ],
            "operation": null,
            "private_cluster_config": [
              {
                "enable_private_endpoint": false,
                "enable_private_nodes": false,
                "master_global_access_config": [
                  {
                    "enabled": false
                  }
                ],
                "master_ipv4_cidr_block": "",
                "peering_name": "",
                "private_endpoint": "10.128.0.6",
                "private_endpoint_subnetwork": "",
                "public_endpoint": "34.45.179.174"
              }
            ],
            "private_ipv6_google_access": "",
            "project": "cloudone-123",
            "release_channel": [
              {
                "channel": "REGULAR"
              }
            ],
            "remove_default_node_pool": null,
            "resource_labels": {},
            "resource_usage_export_config": [],
            "security_posture_config": [
              {
                "mode": "BASIC",
                "vulnerability_mode": "VULNERABILITY_MODE_UNSPECIFIED"
              }
            ],
            "self_link": "https://container.googleapis.com/v1/projects/cloudone-123/locations/us-central1/clusters/primary-cluster",
            "service_external_ips_config": [
              {
                "enabled": false
              }
            ],
            "services_ipv4_cidr": "34.118.224.0/20",
            "subnetwork": "projects/cloudone-123/regions/us-central1/subnetworks/default",
            "timeouts": null,
            "tpu_ipv4_cidr_block": "",
            "vertical_pod_autoscaling": [],
            "workload_identity_config": []
          },
          "sensitive_attributes": [],
          "private": "eyJlMmJmYjczMC1lY2FhLTExZTYtOGY4OC0zNDM2M2JjN2M0YzAiOnsiY3JlYXRlIjoyNDAwMDAwMDAwMDAwLCJkZWxldGUiOjI0MDAwMDAwMDAwMDAsInJlYWQiOjI0MDAwMDAwMDAwMDAsInVwZGF0ZSI6MzYwMDAwMDAwMDAwMH0sInNjaGVtYV92ZXJzaW9uIjoiMiJ9"
        }
      ]
    },
    {
      "mode": "managed",
      "type": "kubernetes_deployment",
      "name": "flask_app",
      "provider": "provider[\"registry.terraform.io/hashicorp/kubernetes\"]",
      "instances": [
        {
          "schema_version": 1,
          "attributes": {
            "id": "default/flask-app",
            "metadata": [
              {
                "annotations": {},
                "generate_name": "",
                "generation": 1,
                "labels": {},
                "name": "flask-app",
                "namespace": "default",
                "resource_version": "2030",
                "uid": "6b1a136d-d553-4e79-9497-c8a1039ffdc7"
              }
            ],
            "spec": [
              {
                "min_ready_seconds": 0,
                "paused": false,
                "progress_deadline_seconds": 600,
                "replicas": "1",
                "revision_history_limit": 10,
                "selector": [
                  {
                    "match_expressions": [],
                    "match_labels": {
                      "app": "flask-app"
                    }
                  }
                ],
                "strategy": [
                  {
                    "rolling_update": [
                      {
                        "max_surge": "25%",
                        "max_unavailable": "25%"
                      }
                    ],
                    "type": "RollingUpdate"
                  }
                ],
                "template": [
                  {
                    "metadata": [
                      {
                        "annotations": {},
                        "generate_name": "",
                        "generation": 0,
                        "labels": {
                          "app": "flask-app"
                        },
                        "name": "",
                        "namespace": "",
                        "resource_version": "",
                        "uid": ""
                      }
                    ],
                    "spec": [
                      {
                        "active_deadline_seconds": 0,
                        "affinity": [],
                        "automount_service_account_token": true,
                        "container": [
                          {
                            "args": [],
                            "command": [],
                            "env": [
                              {
                                "name": "DB_USER",
                                "value": "",
                                "value_from": [
                                  {
                                    "config_map_key_ref": [],
                                    "field_ref": [],
                                    "resource_field_ref": [],
                                    "secret_key_ref": [
                                      {
                                        "key": "DB_USER",
                                        "name": "cloudsql-db-credentials",
                                        "optional": false
                                      }
                                    ]
                                  }
                                ]
                              },
                              {
                                "name": "DB_PASS",
                                "value": "",
                                "value_from": [
                                  {
                                    "config_map_key_ref": [],
                                    "field_ref": [],
                                    "resource_field_ref": [],
                                    "secret_key_ref": [
                                      {
                                        "key": "DB_PASS",
                                        "name": "cloudsql-db-credentials",
                                        "optional": false
                                      }
                                    ]
                                  }
                                ]
                              },
                              {
                                "name": "DB_HOST",
                                "value": "",
                                "value_from": [
                                  {
                                    "config_map_key_ref": [],
                                    "field_ref": [],
                                    "resource_field_ref": [],
                                    "secret_key_ref": [
                                      {
                                        "key": "DB_HOST",
                                        "name": "cloudsql-db-credentials",
                                        "optional": false
                                      }
                                    ]
                                  }
                                ]
                              },
                              {
                                "name": "DB_NAME",
                                "value": "admin",
                                "value_from": []
                              }
                            ],
                            "env_from": [],
                            "image": "gcr.io/cloudone-123/flask:latest",
                            "image_pull_policy": "Always",
                            "lifecycle": [],
                            "liveness_probe": [],
                            "name": "flask-app",
                            "port": [
                              {
                                "container_port": 5000,
                                "host_ip": "",
                                "host_port": 0,
                                "name": "",
                                "protocol": "TCP"
                              }
                            ],
                            "readiness_probe": [],
                            "resources": [
                              {
                                "limits": {},
                                "requests": {}
                              }
                            ],
                            "security_context": [],
                            "startup_probe": [],
                            "stdin": false,
                            "stdin_once": false,
                            "termination_message_path": "/dev/termination-log",
                            "termination_message_policy": "File",
                            "tty": false,
                            "volume_mount": [],
                            "working_dir": ""
                          }
                        ],
                        "dns_config": [],
                        "dns_policy": "ClusterFirst",
                        "enable_service_links": true,
                        "host_aliases": [],
                        "host_ipc": false,
                        "host_network": false,
                        "host_pid": false,
                        "hostname": "",
                        "image_pull_secrets": [],
                        "init_container": [],
                        "node_name": "",
                        "node_selector": {},
                        "os": [],
                        "priority_class_name": "",
                        "readiness_gate": [],
                        "restart_policy": "Always",
                        "runtime_class_name": "",
                        "scheduler_name": "default-scheduler",
                        "security_context": [],
                        "service_account_name": "",
                        "share_process_namespace": false,
                        "subdomain": "",
                        "termination_grace_period_seconds": 30,
                        "toleration": [],
                        "topology_spread_constraint": [],
                        "volume": []
                      }
                    ]
                  }
                ]
              }
            ],
            "timeouts": null,
            "wait_for_rollout": true
          },
          "sensitive_attributes": [],
          "private": "eyJlMmJmYjczMC1lY2FhLTExZTYtOGY4OC0zNDM2M2JjN2M0YzAiOnsiY3JlYXRlIjo2MDAwMDAwMDAwMDAsImRlbGV0ZSI6NjAwMDAwMDAwMDAwLCJ1cGRhdGUiOjYwMDAwMDAwMDAwMH0sInNjaGVtYV92ZXJzaW9uIjoiMSJ9",
          "dependencies": [
            "data.google_client_config.default",
            "google_container_cluster.primary"
          ]
        }
      ]
    },
    {
      "mode": "managed",
      "type": "kubernetes_deployment",
      "name": "react_app",
      "provider": "provider[\"registry.terraform.io/hashicorp/kubernetes\"]",
      "instances": [
        {
          "schema_version": 1,
          "attributes": {
            "id": "default/react-app",
            "metadata": [
              {
                "annotations": null,
                "generate_name": "",
                "generation": 1,
                "labels": null,
                "name": "react-app",
                "namespace": "default",
                "resource_version": "20492",
                "uid": "a3dfa5fe-9782-4719-88db-8ea2a5c315c0"
              }
            ],
            "spec": [
              {
                "min_ready_seconds": 0,
                "paused": false,
                "progress_deadline_seconds": 600,
                "replicas": "1",
                "revision_history_limit": 10,
                "selector": [
                  {
                    "match_expressions": [],
                    "match_labels": {
                      "app": "react-app"
                    }
                  }
                ],
                "strategy": [
                  {
                    "rolling_update": [
                      {
                        "max_surge": "25%",
                        "max_unavailable": "25%"
                      }
                    ],
                    "type": "RollingUpdate"
                  }
                ],
                "template": [
                  {
                    "metadata": [
                      {
                        "annotations": null,
                        "generate_name": "",
                        "generation": 0,
                        "labels": {
                          "app": "react-app"
                        },
                        "name": "",
                        "namespace": "",
                        "resource_version": "",
                        "uid": ""
                      }
                    ],
                    "spec": [
                      {
                        "active_deadline_seconds": 0,
                        "affinity": [],
                        "automount_service_account_token": true,
                        "container": [
                          {
                            "args": null,
                            "command": null,
                            "env": [],
                            "env_from": [],
                            "image": "gcr.io/cloudone-123/react:latest",
                            "image_pull_policy": "Always",
                            "lifecycle": [],
                            "liveness_probe": [],
                            "name": "react-app",
                            "port": [
                              {
                                "container_port": 80,
                                "host_ip": "",
                                "host_port": 0,
                                "name": "",
                                "protocol": "TCP"
                              }
                            ],
                            "readiness_probe": [],
                            "resources": [
                              {
                                "limits": {},
                                "requests": {}
                              }
                            ],
                            "security_context": [],
                            "startup_probe": [],
                            "stdin": false,
                            "stdin_once": false,
                            "termination_message_path": "/dev/termination-log",
                            "termination_message_policy": "File",
                            "tty": false,
                            "volume_mount": [],
                            "working_dir": ""
                          }
                        ],
                        "dns_config": [],
                        "dns_policy": "ClusterFirst",
                        "enable_service_links": true,
                        "host_aliases": [],
                        "host_ipc": false,
                        "host_network": false,
                        "host_pid": false,
                        "hostname": "",
                        "image_pull_secrets": [],
                        "init_container": [],
                        "node_name": "",
                        "node_selector": null,
                        "os": [],
                        "priority_class_name": "",
                        "readiness_gate": [],
                        "restart_policy": "Always",
                        "runtime_class_name": "",
                        "scheduler_name": "default-scheduler",
                        "security_context": [],
                        "service_account_name": "",
                        "share_process_namespace": false,
                        "subdomain": "",
                        "termination_grace_period_seconds": 30,
                        "toleration": [],
                        "topology_spread_constraint": [],
                        "volume": []
                      }
                    ]
                  }
                ]
              }
            ],
            "timeouts": null,
            "wait_for_rollout": true
          },
          "sensitive_attributes": [],
          "private": "eyJlMmJmYjczMC1lY2FhLTExZTYtOGY4OC0zNDM2M2JjN2M0YzAiOnsiY3JlYXRlIjo2MDAwMDAwMDAwMDAsImRlbGV0ZSI6NjAwMDAwMDAwMDAwLCJ1cGRhdGUiOjYwMDAwMDAwMDAwMH0sInNjaGVtYV92ZXJzaW9uIjoiMSJ9",
          "dependencies": [
            "data.google_client_config.default",
            "google_container_cluster.primary"
          ]
        }
      ]
    },
    {
      "mode": "managed",
      "type": "kubernetes_secret",
      "name": "db_credentials",
      "provider": "provider[\"registry.terraform.io/hashicorp/kubernetes\"]",
      "instances": [
        {
          "schema_version": 0,
          "attributes": {
            "binary_data": null,
            "data": {
              "DB_HOST": "34.134.177.160",
              "DB_PASS": "admin",
              "DB_USER": "admin"
            },
            "id": "default/cloudsql-db-credentials",
            "immutable": false,
            "metadata": [
              {
                "annotations": {},
                "generate_name": "",
                "generation": 0,
                "labels": {},
                "name": "cloudsql-db-credentials",
                "namespace": "default",
                "resource_version": "1803",
                "uid": "c0550288-46d0-4587-bece-9e16a4e148bb"
              }
            ],
            "timeouts": null,
            "type": "Opaque",
            "wait_for_service_account_token": true
          },
          "sensitive_attributes": [],
          "private": "eyJlMmJmYjczMC1lY2FhLTExZTYtOGY4OC0zNDM2M2JjN2M0YzAiOnsiY3JlYXRlIjo2MDAwMDAwMDAwMH19",
          "dependencies": [
            "data.google_client_config.default",
            "google_container_cluster.primary"
          ]
        }
      ]
    },
    {
      "mode": "managed",
      "type": "kubernetes_service",
      "name": "flask_service",
      "provider": "provider[\"registry.terraform.io/hashicorp/kubernetes\"]",
      "instances": [
        {
          "schema_version": 1,
          "attributes": {
            "id": "default/flask-service",
            "metadata": [
              {
                "annotations": {},
                "generate_name": "",
                "generation": 0,
                "labels": {},
                "name": "flask-service",
                "namespace": "default",
                "resource_version": "7487",
                "uid": "9a4d4c27-bde6-4a81-bbcb-522ecf9b6bd2"
              }
            ],
            "spec": [
              {
                "allocate_load_balancer_node_ports": true,
                "cluster_ip": "34.118.238.53",
                "cluster_ips": [
                  "34.118.238.53"
                ],
                "external_ips": [],
                "external_name": "",
                "external_traffic_policy": "Cluster",
                "health_check_node_port": 0,
                "internal_traffic_policy": "Cluster",
                "ip_families": [
                  "IPv4"
                ],
                "ip_family_policy": "SingleStack",
                "load_balancer_class": "",
                "load_balancer_ip": "",
                "load_balancer_source_ranges": [],
                "port": [
                  {
                    "app_protocol": "",
                    "name": "",
                    "node_port": 31073,
                    "port": 80,
                    "protocol": "TCP",
                    "target_port": "5000"
                  }
                ],
                "publish_not_ready_addresses": false,
                "selector": {
                  "app": "flask-app"
                },
                "session_affinity": "None",
                "session_affinity_config": [],
                "type": "LoadBalancer"
              }
            ],
            "status": [
              {
                "load_balancer": [
                  {
                    "ingress": [
                      {
                        "hostname": "",
                        "ip": "34.68.163.156"
                      }
                    ]
                  }
                ]
              }
            ],
            "timeouts": null,
            "wait_for_load_balancer": true
          },
          "sensitive_attributes": [],
          "private": "eyJlMmJmYjczMC1lY2FhLTExZTYtOGY4OC0zNDM2M2JjN2M0YzAiOnsiY3JlYXRlIjo2MDAwMDAwMDAwMDB9LCJzY2hlbWFfdmVyc2lvbiI6IjEifQ==",
          "dependencies": [
            "data.google_client_config.default",
            "google_container_cluster.primary"
          ]
        }
      ]
    },
    {
      "mode": "managed",
      "type": "kubernetes_service",
      "name": "react_service",
      "provider": "provider[\"registry.terraform.io/hashicorp/kubernetes\"]",
      "instances": [
        {
          "schema_version": 1,
          "attributes": {
            "id": "default/react-service",
            "metadata": [
              {
                "annotations": {},
                "generate_name": "",
                "generation": 0,
                "labels": {},
                "name": "react-service",
                "namespace": "default",
                "resource_version": "20415",
                "uid": "87addb03-b130-48db-9074-f4a73386840a"
              }
            ],
            "spec": [
              {
                "allocate_load_balancer_node_ports": true,
                "cluster_ip": "34.118.231.57",
                "cluster_ips": [
                  "34.118.231.57"
                ],
                "external_ips": [],
                "external_name": "",
                "external_traffic_policy": "Cluster",
                "health_check_node_port": 0,
                "internal_traffic_policy": "Cluster",
                "ip_families": [
                  "IPv4"
                ],
                "ip_family_policy": "SingleStack",
                "load_balancer_class": "",
                "load_balancer_ip": "",
                "load_balancer_source_ranges": [],
                "port": [
                  {
                    "app_protocol": "",
                    "name": "",
                    "node_port": 30554,
                    "port": 80,
                    "protocol": "TCP",
                    "target_port": "80"
                  }
                ],
                "publish_not_ready_addresses": false,
                "selector": {
                  "app": "react-app"
                },
                "session_affinity": "None",
                "session_affinity_config": [],
                "type": "LoadBalancer"
              }
            ],
            "status": [
              {
                "load_balancer": [
                  {
                    "ingress": [
                      {
                        "hostname": "",
                        "ip": "34.133.89.247"
                      }
                    ]
                  }
                ]
              }
            ],
            "timeouts": null,
            "wait_for_load_balancer": true
          },
          "sensitive_attributes": [],
          "private": "eyJlMmJmYjczMC1lY2FhLTExZTYtOGY4OC0zNDM2M2JjN2M0YzAiOnsiY3JlYXRlIjo2MDAwMDAwMDAwMDB9LCJzY2hlbWFfdmVyc2lvbiI6IjEifQ==",
          "dependencies": [
            "data.google_client_config.default",
            "google_container_cluster.primary"
          ]
        }
      ]
    }
  ],
  "check_results": null
}
